<?xml version="1.0" encoding="utf-8"?>
<Project ToolsVersion="4.0" xmlns="http://schemas.microsoft.com/developer/msbuild/2003">
  <ItemGroup>
    <Filter Include="Source Files">
      <UniqueIdentifier>{4FC737F1-C7A5-4376-A066-2A32D752A2FF}</UniqueIdentifier>
      <Extensions>cpp;c;cc;cxx;c++;cppm;ixx;def;odl;idl;hpj;bat;asm;asmx</Extensions>
    </Filter>
    <Filter Include="Header Files">
      <UniqueIdentifier>{93995380-89BD-4b04-88EB-625FBE52EBFB}</UniqueIdentifier>
      <Extensions>h;hh;hpp;hxx;h++;hm;inl;inc;ipp;xsd</Extensions>
    </Filter>
    <Filter Include="Resource Files">
      <UniqueIdentifier>{67DA6AB6-F800-4c08-8B7A-83BB121AAD01}</UniqueIdentifier>
      <Extensions>rc;ico;cur;bmp;dlg;rc2;rct;bin;rgs;gif;jpg;jpeg;jpe;resx;tiff;tif;png;wav;mfcribbon-ms</Extensions>
    </Filter>
    <Filter Include="Header Files\Exceptions">
      <UniqueIdentifier>{d9db6897-9f55-43b0-a6c9-fb8a691c81d9}</UniqueIdentifier>
    </Filter>
    <Filter Include="Data">
      <UniqueIdentifier>{f3e2f667-7977-43f6-b5ae-70f46a04f4c3}</UniqueIdentifier>
    </Filter>
    <Filter Include="Header Files\Entities">
      <UniqueIdentifier>{542bec29-aae3-4f39-9b89-7a0eac3e2f8e}</UniqueIdentifier>
    </Filter>
  </ItemGroup>
  <ItemGroup>
    <ClCompile Include="main.cpp">
      <Filter>Source Files</Filter>
    </ClCompile>
    <ClCompile Include="TheMovieDbApi.cpp">
      <Filter>Source Files</Filter>
    </ClCompile>
    <ClCompile Include="MovieDbRepository.cpp">
      <Filter>Source Files</Filter>
    </ClCompile>
    <ClCompile Include="MovieApiAdapter.cpp">
      <Filter>Source Files</Filter>
    </ClCompile>
  </ItemGroup>
  <ItemGroup>
    <ClInclude Include="TheMovieDbApi.h">
      <Filter>Header Files</Filter>
    </ClInclude>
    <ClInclude Include="MovieNotFoundException.h">
      <Filter>Header Files\Exceptions</Filter>
    </ClInclude>
    <ClInclude Include="InvalidInputException.h">
      <Filter>Header Files\Exceptions</Filter>
    </ClInclude>
    <ClInclude Include="HttpException.h">
      <Filter>Header Files\Exceptions</Filter>
    </ClInclude>
    <ClInclude Include="MovieDbRepository.h">
      <Filter>Header Files</Filter>
    </ClInclude>
    <ClInclude Include="MovieApiAdapter.h">
      <Filter>Header Files</Filter>
    </ClInclude>
    <ClInclude Include="ErrorParsingMovieDataException.h">
      <Filter>Header Files\Exceptions</Filter>
    </ClInclude>
    <ClInclude Include="api_key.h">
      <Filter>Header Files</Filter>
    </ClInclude>
    <ClInclude Include="MovieData.h">
      <Filter>Header Files\Entities</Filter>
    </ClInclude>
    <ClInclude Include="FileBasedApi.h">
      <Filter>Header Files</Filter>
    </ClInclude>
  </ItemGroup>
  <ItemGroup>
    <None Include="Data\141052.json">
      <Filter>Data</Filter>
    </None>
  </ItemGroup>
</Project>